
Microsoft Visual Studio Solution File, Format Version 12.00
# Visual Studio Version 17
VisualStudioVersion = 17.14.36811.4 d17.14
MinimumVisualStudioVersion = 10.0.40219.1
Project("{FAE04EC0-301F-11D3-BF4B-00C04F79EFBC}") = "backend", "backend.csproj", "{39152379-0877-4C54-BF49-480B14ABB3A9}"
EndProject
Global
	GlobalSection(SolutionConfigurationPlatforms) = preSolution
		Debug|Any CPU = Debug|Any CPU
		Release|Any CPU = Release|Any CPU
	EndGlobalSection
	GlobalSection(ProjectConfigurationPlatforms) = postSolution
		{39152379-0877-4C54-BF49-480B14ABB3A9}.Debug|Any CPU.ActiveCfg = Debug|Any CPU
		{39152379-0877-4C54-BF49-480B14ABB3A9}.Debug|Any CPU.Build.0 = Debug|Any CPU
		{39152379-0877-4C54-BF49-480B14ABB3A9}.Release|Any CPU.ActiveCfg = Release|Any CPU
		{39152379-0877-4C54-BF49-480B14ABB3A9}.Release|Any CPU.Build.0 = Release|Any CPU
	EndGlobalSection
	GlobalSection(SolutionProperties) = preSolution
		HideSolutionNode = FALSE
	EndGlobalSection
	GlobalSection(ExtensibilityGlobals) = postSolution
		SolutionGuid = {ADE83CD5-61B0-4561-A0EA-15C6D338291F}
	EndGlobalSection
EndGlobal
